
Microsoft Visual Studio Solution File, Format Version 12.00
# Visual Studio Version 17
VisualStudioVersion = 17.2.32526.322
MinimumVisualStudioVersion = 10.0.40219.1
Project("{9A19103F-16F7-4668-BE54-9A1E7A4F7556}") = "CoronaApp_backend", "CoronaApp_backend\CoronaApp_backend.csproj", "{ED54BA24-CB05-4504-8EF0-01800D91140D}"
EndProject
Project("{9A19103F-16F7-4668-BE54-9A1E7A4F7556}") = "TestCors", "TestCors\TestCors.csproj", "{88FBD0DB-90F2-46DC-B90B-76E8B0CA3BA4}"
EndProject
Project("{FAE04EC0-301F-11D3-BF4B-00C04F79EFBC}") = "CoronaApp_DbInfo", "CoronaApp_DbInfo\CoronaApp_DbInfo.csproj", "{42849899-DB00-49A2-A745-C49FDD758464}"
EndProject
Global
	GlobalSection(SolutionConfigurationPlatforms) = preSolution
		Debug|Any CPU = Debug|Any CPU
		Release|Any CPU = Release|Any CPU
	EndGlobalSection
	GlobalSection(ProjectConfigurationPlatforms) = postSolution
		{ED54BA24-CB05-4504-8EF0-01800D91140D}.Debug|Any CPU.ActiveCfg = Debug|Any CPU
		{ED54BA24-CB05-4504-8EF0-01800D91140D}.Debug|Any CPU.Build.0 = Debug|Any CPU
		{ED54BA24-CB05-4504-8EF0-01800D91140D}.Release|Any CPU.ActiveCfg = Release|Any CPU
		{ED54BA24-CB05-4504-8EF0-01800D91140D}.Release|Any CPU.Build.0 = Release|Any CPU
		{88FBD0DB-90F2-46DC-B90B-76E8B0CA3BA4}.Debug|Any CPU.ActiveCfg = Debug|Any CPU
		{88FBD0DB-90F2-46DC-B90B-76E8B0CA3BA4}.Debug|Any CPU.Build.0 = Debug|Any CPU
		{88FBD0DB-90F2-46DC-B90B-76E8B0CA3BA4}.Release|Any CPU.ActiveCfg = Release|Any CPU
		{88FBD0DB-90F2-46DC-B90B-76E8B0CA3BA4}.Release|Any CPU.Build.0 = Release|Any CPU
		{42849899-DB00-49A2-A745-C49FDD758464}.Debug|Any CPU.ActiveCfg = Debug|Any CPU
		{42849899-DB00-49A2-A745-C49FDD758464}.Debug|Any CPU.Build.0 = Debug|Any CPU
		{42849899-DB00-49A2-A745-C49FDD758464}.Release|Any CPU.ActiveCfg = Release|Any CPU
		{42849899-DB00-49A2-A745-C49FDD758464}.Release|Any CPU.Build.0 = Release|Any CPU
	EndGlobalSection
	GlobalSection(SolutionProperties) = preSolution
		HideSolutionNode = FALSE
	EndGlobalSection
	GlobalSection(ExtensibilityGlobals) = postSolution
		SolutionGuid = {F3CDB0D0-2B56-4BDA-85A7-4DCCC617EF4E}
	EndGlobalSection
EndGlobal
